
Microsoft Visual Studio Solution File, Format Version 12.00
# Visual Studio Version 17
VisualStudioVersion = 17.8.34322.80
MinimumVisualStudioVersion = 10.0.40219.1
Project("{FAE04EC0-301F-11D3-BF4B-00C04F79EFBC}") = "MyAcademyRapidApi", "MyAcademyRapidApi\MyAcademyRapidApi.csproj", "{16A6C55B-6D66-49E3-A5F9-8BA8F5BD883B}"
EndProject
Global
	GlobalSection(SolutionConfigurationPlatforms) = preSolution
		Debug|Any CPU = Debug|Any CPU
		Release|Any CPU = Release|Any CPU
	EndGlobalSection
	GlobalSection(ProjectConfigurationPlatforms) = postSolution
		{16A6C55B-6D66-49E3-A5F9-8BA8F5BD883B}.Debug|Any CPU.ActiveCfg = Debug|Any CPU
		{16A6C55B-6D66-49E3-A5F9-8BA8F5BD883B}.Debug|Any CPU.Build.0 = Debug|Any CPU
		{16A6C55B-6D66-49E3-A5F9-8BA8F5BD883B}.Release|Any CPU.ActiveCfg = Release|Any CPU
		{16A6C55B-6D66-49E3-A5F9-8BA8F5BD883B}.Release|Any CPU.Build.0 = Release|Any CPU
	EndGlobalSection
	GlobalSection(SolutionProperties) = preSolution
		HideSolutionNode = FALSE
	EndGlobalSection
	GlobalSection(ExtensibilityGlobals) = postSolution
		SolutionGuid = {5AD3122F-312D-422E-BA23-A3FD3DA02CCF}
	EndGlobalSection
EndGlobal
